// !$*UTF8*$!
{
	archiveVersion = 1;
	classes = {
	};
	objectVersion = 55;
	objects = {

/* Begin PBXBuildFile section */
		4C91AD80282C3CCA0032602E /* CollectionService.swift in Sources */ = {isa = PBXBuildFile; fileRef = 4C91AD7F282C3CCA0032602E /* CollectionService.swift */; };
		4C91AD81282C3F370032602E /* CollectionService.swift in Sources */ = {isa = PBXBuildFile; fileRef = 4C91AD7F282C3CCA0032602E /* CollectionService.swift */; };
		4C91AD82282C3F4F0032602E /* CollectionRequesting.swift in Sources */ = {isa = PBXBuildFile; fileRef = 4CDF5A7F282C0E3F00AF69A9 /* CollectionRequesting.swift */; };
		4C91AD84282CE7710032602E /* AutoMockable.generated.swift in Sources */ = {isa = PBXBuildFile; fileRef = 4C91AD83282CE7710032602E /* AutoMockable.generated.swift */; };
		4C91AD8A282CEAA90032602E /* CollectionViewModel.swift in Sources */ = {isa = PBXBuildFile; fileRef = 4C91AD89282CEAA90032602E /* CollectionViewModel.swift */; };
		4C91AD8C282CEADD0032602E /* CollectionModel.swift in Sources */ = {isa = PBXBuildFile; fileRef = 4C91AD8B282CEADD0032602E /* CollectionModel.swift */; };
		4C91AD8E282CEB030032602E /* CollectionPresentable.swift in Sources */ = {isa = PBXBuildFile; fileRef = 4C91AD8D282CEB030032602E /* CollectionPresentable.swift */; };
		4C91AD91282CEC120032602E /* CollectionModelTests.swift in Sources */ = {isa = PBXBuildFile; fileRef = 4C91AD90282CEC120032602E /* CollectionModelTests.swift */; };
		4C91AD92282CED6B0032602E /* CollectionModel.swift in Sources */ = {isa = PBXBuildFile; fileRef = 4C91AD8B282CEADD0032602E /* CollectionModel.swift */; };
		4C91AD93282CED790032602E /* CollectionPresentable.swift in Sources */ = {isa = PBXBuildFile; fileRef = 4C91AD8D282CEB030032602E /* CollectionPresentable.swift */; };
		4C91AD96282CF35E0032602E /* CollectionFactory.swift in Sources */ = {isa = PBXBuildFile; fileRef = 4C91AD95282CF35E0032602E /* CollectionFactory.swift */; };
		4C91AD98282CF3D00032602E /* CollectionViewController.swift in Sources */ = {isa = PBXBuildFile; fileRef = 4C91AD97282CF3D00032602E /* CollectionViewController.swift */; };
		4C91AD9B282CF4A20032602E /* CollectionRouting.swift in Sources */ = {isa = PBXBuildFile; fileRef = 4C91AD9A282CF4A20032602E /* CollectionRouting.swift */; };
		4C91AD9D282CF4E90032602E /* CollectionRouter.swift in Sources */ = {isa = PBXBuildFile; fileRef = 4C91AD9C282CF4E90032602E /* CollectionRouter.swift */; };
		4C91ADA0282CF6C00032602E /* CollectionViewModelTests.swift in Sources */ = {isa = PBXBuildFile; fileRef = 4C91AD9F282CF6C00032602E /* CollectionViewModelTests.swift */; };
		4C91ADA2282CF7360032602E /* CollectionViewModel.swift in Sources */ = {isa = PBXBuildFile; fileRef = 4C91AD89282CEAA90032602E /* CollectionViewModel.swift */; };
		4C91ADA3282CF7360032602E /* CollectionRouting.swift in Sources */ = {isa = PBXBuildFile; fileRef = 4C91AD9A282CF4A20032602E /* CollectionRouting.swift */; };
		4C91ADA7282CFBEA0032602E /* ObservablePropertyWrapper.swift in Sources */ = {isa = PBXBuildFile; fileRef = 4C91ADA6282CFBEA0032602E /* ObservablePropertyWrapper.swift */; };
		4C91ADA9282CFC150032602E /* UIView+ReuseIdentifier.swift in Sources */ = {isa = PBXBuildFile; fileRef = 4C91ADA8282CFC150032602E /* UIView+ReuseIdentifier.swift */; };
		4C91ADAA282CFC7B0032602E /* ObservablePropertyWrapper.swift in Sources */ = {isa = PBXBuildFile; fileRef = 4C91ADA6282CFBEA0032602E /* ObservablePropertyWrapper.swift */; };
		4C91ADAD282D0A620032602E /* SnapKit in Frameworks */ = {isa = PBXBuildFile; productRef = 4C91ADAC282D0A620032602E /* SnapKit */; };
		4C91ADAF282D0B330032602E /* CollectionPlaceholderView.swift in Sources */ = {isa = PBXBuildFile; fileRef = 4C91ADAE282D0B330032602E /* CollectionPlaceholderView.swift */; };
		4C91ADB1282D25530032602E /* CollectionCell.swift in Sources */ = {isa = PBXBuildFile; fileRef = 4C91ADB0282D25530032602E /* CollectionCell.swift */; };
		4C91ADB3282D28FE0032602E /* CollectionViewController+Apparence.swift in Sources */ = {isa = PBXBuildFile; fileRef = 4C91ADB2282D28FE0032602E /* CollectionViewController+Apparence.swift */; };
		4C91ADB5282D29930032602E /* CollectionViewController+CollectionView.swift in Sources */ = {isa = PBXBuildFile; fileRef = 4C91ADB4282D29930032602E /* CollectionViewController+CollectionView.swift */; };
		4C91ADB9282D39520032602E /* CollectionDetailsRequesting.swift in Sources */ = {isa = PBXBuildFile; fileRef = 4C91ADB8282D39520032602E /* CollectionDetailsRequesting.swift */; };
		4C91ADBB282D39760032602E /* CollectionDetailsService.swift in Sources */ = {isa = PBXBuildFile; fileRef = 4C91ADBA282D39760032602E /* CollectionDetailsService.swift */; };
		4C91ADBF282D3A110032602E /* CollectionDetailsServiceTests.swift in Sources */ = {isa = PBXBuildFile; fileRef = 4C91ADBE282D3A110032602E /* CollectionDetailsServiceTests.swift */; };
		4C91ADC1282D3A7B0032602E /* CollectionDetailsRequest.swift in Sources */ = {isa = PBXBuildFile; fileRef = 4C91ADC0282D3A7B0032602E /* CollectionDetailsRequest.swift */; };
		4C91ADC2282D3AB30032602E /* CollectionDetailsRequest.swift in Sources */ = {isa = PBXBuildFile; fileRef = 4C91ADC0282D3A7B0032602E /* CollectionDetailsRequest.swift */; };
		4C91ADC3282D3AC10032602E /* CollectionDetailsService.swift in Sources */ = {isa = PBXBuildFile; fileRef = 4C91ADBA282D39760032602E /* CollectionDetailsService.swift */; };
		4C91ADC4282D3ACF0032602E /* CollectionDetailsRequesting.swift in Sources */ = {isa = PBXBuildFile; fileRef = 4C91ADB8282D39520032602E /* CollectionDetailsRequesting.swift */; };
		4C91ADC8282D41A30032602E /* ImageCompressor.swift in Sources */ = {isa = PBXBuildFile; fileRef = 4C91ADC7282D41A30032602E /* ImageCompressor.swift */; };
		4C91ADC9282D42190032602E /* ImageCompressor.swift in Sources */ = {isa = PBXBuildFile; fileRef = 4C91ADC7282D41A30032602E /* ImageCompressor.swift */; };
		4CA305D2282C008700A72CFA /* AppDelegate.swift in Sources */ = {isa = PBXBuildFile; fileRef = 4CA305D1282C008700A72CFA /* AppDelegate.swift */; };
		4CA305D6282C008700A72CFA /* ViewController.swift in Sources */ = {isa = PBXBuildFile; fileRef = 4CA305D5282C008700A72CFA /* ViewController.swift */; };
		4CA305D9282C008700A72CFA /* Main.storyboard in Resources */ = {isa = PBXBuildFile; fileRef = 4CA305D7282C008700A72CFA /* Main.storyboard */; };
		4CA305DB282C008900A72CFA /* Assets.xcassets in Resources */ = {isa = PBXBuildFile; fileRef = 4CA305DA282C008900A72CFA /* Assets.xcassets */; };
		4CA305DE282C008900A72CFA /* LaunchScreen.storyboard in Resources */ = {isa = PBXBuildFile; fileRef = 4CA305DC282C008900A72CFA /* LaunchScreen.storyboard */; };
		4CDF5A80282C0E3F00AF69A9 /* CollectionRequesting.swift in Sources */ = {isa = PBXBuildFile; fileRef = 4CDF5A7F282C0E3F00AF69A9 /* CollectionRequesting.swift */; };
		4CDF5A85282C0F0800AF69A9 /* RequestingMock.swift in Sources */ = {isa = PBXBuildFile; fileRef = 4CDF5A84282C0F0800AF69A9 /* RequestingMock.swift */; };
		4CDF5A9E282C0FA300AF69A9 /* Encoding.swift in Sources */ = {isa = PBXBuildFile; fileRef = 4CDF5A8A282C0FA300AF69A9 /* Encoding.swift */; };
		4CDF5A9F282C0FA300AF69A9 /* Decoding.swift in Sources */ = {isa = PBXBuildFile; fileRef = 4CDF5A8B282C0FA300AF69A9 /* Decoding.swift */; };
		4CDF5AA0282C0FA300AF69A9 /* URLEncoder.swift in Sources */ = {isa = PBXBuildFile; fileRef = 4CDF5A8D282C0FA300AF69A9 /* URLEncoder.swift */; };
		4CDF5AA1282C0FA300AF69A9 /* JSONDecoder+Decoding.swift in Sources */ = {isa = PBXBuildFile; fileRef = 4CDF5A8F282C0FA300AF69A9 /* JSONDecoder+Decoding.swift */; };
		4CDF5AA2282C0FA300AF69A9 /* Requesting.swift in Sources */ = {isa = PBXBuildFile; fileRef = 4CDF5A92282C0FA300AF69A9 /* Requesting.swift */; };
		4CDF5AA3282C0FA300AF69A9 /* UrlRestApiRequester.swift in Sources */ = {isa = PBXBuildFile; fileRef = 4CDF5A95282C0FA300AF69A9 /* UrlRestApiRequester.swift */; };
		4CDF5AA4282C0FA300AF69A9 /* RestApiRequester.swift in Sources */ = {isa = PBXBuildFile; fileRef = 4CDF5A97282C0FA300AF69A9 /* RestApiRequester.swift */; };
		4CDF5AA5282C0FA300AF69A9 /* Request.swift in Sources */ = {isa = PBXBuildFile; fileRef = 4CDF5A99282C0FA300AF69A9 /* Request.swift */; };
		4CDF5AA6282C0FA300AF69A9 /* HttpMethod.swift in Sources */ = {isa = PBXBuildFile; fileRef = 4CDF5A9B282C0FA300AF69A9 /* HttpMethod.swift */; };
		4CDF5AA7282C0FA300AF69A9 /* UrlError.swift in Sources */ = {isa = PBXBuildFile; fileRef = 4CDF5A9D282C0FA300AF69A9 /* UrlError.swift */; };
		4CDF5AAE282C0FAD00AF69A9 /* ImageLoader.swift in Sources */ = {isa = PBXBuildFile; fileRef = 4CDF5AA9282C0FAD00AF69A9 /* ImageLoader.swift */; };
		4CDF5AAF282C0FAD00AF69A9 /* ImagePool.swift in Sources */ = {isa = PBXBuildFile; fileRef = 4CDF5AAA282C0FAD00AF69A9 /* ImagePool.swift */; };
		4CDF5AB0282C0FAD00AF69A9 /* ImageLoading.swift in Sources */ = {isa = PBXBuildFile; fileRef = 4CDF5AAB282C0FAD00AF69A9 /* ImageLoading.swift */; };
		4CDF5AB1282C0FAD00AF69A9 /* SyncOperation.swift in Sources */ = {isa = PBXBuildFile; fileRef = 4CDF5AAC282C0FAD00AF69A9 /* SyncOperation.swift */; };
		4CDF5AB2282C0FAD00AF69A9 /* ImageCaching.swift in Sources */ = {isa = PBXBuildFile; fileRef = 4CDF5AAD282C0FAD00AF69A9 /* ImageCaching.swift */; };
		4CDF5AB3282C0FBF00AF69A9 /* Requesting.swift in Sources */ = {isa = PBXBuildFile; fileRef = 4CDF5A92282C0FA300AF69A9 /* Requesting.swift */; };
		4CDF5AB4282C0FC900AF69A9 /* UrlRestApiRequester.swift in Sources */ = {isa = PBXBuildFile; fileRef = 4CDF5A95282C0FA300AF69A9 /* UrlRestApiRequester.swift */; };
		4CDF5AB5282C0FCC00AF69A9 /* RestApiRequester.swift in Sources */ = {isa = PBXBuildFile; fileRef = 4CDF5A97282C0FA300AF69A9 /* RestApiRequester.swift */; };
		4CDF5AB6282C0FCF00AF69A9 /* Request.swift in Sources */ = {isa = PBXBuildFile; fileRef = 4CDF5A99282C0FA300AF69A9 /* Request.swift */; };
		4CDF5AB7282C0FD900AF69A9 /* HttpMethod.swift in Sources */ = {isa = PBXBuildFile; fileRef = 4CDF5A9B282C0FA300AF69A9 /* HttpMethod.swift */; };
		4CDF5AB8282C0FDC00AF69A9 /* UrlError.swift in Sources */ = {isa = PBXBuildFile; fileRef = 4CDF5A9D282C0FA300AF69A9 /* UrlError.swift */; };
		4CDF5AB9282C0FEC00AF69A9 /* Encoding.swift in Sources */ = {isa = PBXBuildFile; fileRef = 4CDF5A8A282C0FA300AF69A9 /* Encoding.swift */; };
		4CDF5ABA282C0FEE00AF69A9 /* Decoding.swift in Sources */ = {isa = PBXBuildFile; fileRef = 4CDF5A8B282C0FA300AF69A9 /* Decoding.swift */; };
		4CDF5ABB282C0FF200AF69A9 /* URLEncoder.swift in Sources */ = {isa = PBXBuildFile; fileRef = 4CDF5A8D282C0FA300AF69A9 /* URLEncoder.swift */; };
		4CDF5ABC282C0FF500AF69A9 /* JSONDecoder+Decoding.swift in Sources */ = {isa = PBXBuildFile; fileRef = 4CDF5A8F282C0FA300AF69A9 /* JSONDecoder+Decoding.swift */; };
		4CDF5ABD282C0FF900AF69A9 /* ImagePool.swift in Sources */ = {isa = PBXBuildFile; fileRef = 4CDF5AAA282C0FAD00AF69A9 /* ImagePool.swift */; };
		4CDF5ABE282C0FF900AF69A9 /* ImageCaching.swift in Sources */ = {isa = PBXBuildFile; fileRef = 4CDF5AAD282C0FAD00AF69A9 /* ImageCaching.swift */; };
		4CDF5ABF282C0FF900AF69A9 /* ImageLoading.swift in Sources */ = {isa = PBXBuildFile; fileRef = 4CDF5AAB282C0FAD00AF69A9 /* ImageLoading.swift */; };
		4CDF5AC0282C0FF900AF69A9 /* ImageLoader.swift in Sources */ = {isa = PBXBuildFile; fileRef = 4CDF5AA9282C0FAD00AF69A9 /* ImageLoader.swift */; };
		4CDF5AC1282C0FF900AF69A9 /* SyncOperation.swift in Sources */ = {isa = PBXBuildFile; fileRef = 4CDF5AAC282C0FAD00AF69A9 /* SyncOperation.swift */; };
		4CDF5AC3282C11A300AF69A9 /* CollectionRequest.swift in Sources */ = {isa = PBXBuildFile; fileRef = 4CDF5AC2282C11A300AF69A9 /* CollectionRequest.swift */; };
		4CDF5AC5282C123E00AF69A9 /* CollectionServiceTests.swift in Sources */ = {isa = PBXBuildFile; fileRef = 4CDF5AC4282C123E00AF69A9 /* CollectionServiceTests.swift */; };
		4CDF5AC6282C12B700AF69A9 /* CollectionRequest.swift in Sources */ = {isa = PBXBuildFile; fileRef = 4CDF5AC2282C11A300AF69A9 /* CollectionRequest.swift */; };
/* End PBXBuildFile section */

/* Begin PBXContainerItemProxy section */
		4CA305E5282C008A00A72CFA /* PBXContainerItemProxy */ = {
			isa = PBXContainerItemProxy;
			containerPortal = 4CA305C6282C008700A72CFA /* Project object */;
			proxyType = 1;
			remoteGlobalIDString = 4CA305CD282C008700A72CFA;
			remoteInfo = RijksMuseum;
		};
/* End PBXContainerItemProxy section */

/* Begin PBXFileReference section */
		4C91AD7F282C3CCA0032602E /* CollectionService.swift */ = {isa = PBXFileReference; lastKnownFileType = sourcecode.swift; path = CollectionService.swift; sourceTree = "<group>"; };
		4C91AD83282CE7710032602E /* AutoMockable.generated.swift */ = {isa = PBXFileReference; fileEncoding = 4; lastKnownFileType = sourcecode.swift; path = AutoMockable.generated.swift; sourceTree = "<group>"; };
		4C91AD89282CEAA90032602E /* CollectionViewModel.swift */ = {isa = PBXFileReference; lastKnownFileType = sourcecode.swift; path = CollectionViewModel.swift; sourceTree = "<group>"; };
		4C91AD8B282CEADD0032602E /* CollectionModel.swift */ = {isa = PBXFileReference; lastKnownFileType = sourcecode.swift; path = CollectionModel.swift; sourceTree = "<group>"; };
		4C91AD8D282CEB030032602E /* CollectionPresentable.swift */ = {isa = PBXFileReference; lastKnownFileType = sourcecode.swift; path = CollectionPresentable.swift; sourceTree = "<group>"; };
		4C91AD90282CEC120032602E /* CollectionModelTests.swift */ = {isa = PBXFileReference; lastKnownFileType = sourcecode.swift; path = CollectionModelTests.swift; sourceTree = "<group>"; };
		4C91AD95282CF35E0032602E /* CollectionFactory.swift */ = {isa = PBXFileReference; lastKnownFileType = sourcecode.swift; path = CollectionFactory.swift; sourceTree = "<group>"; };
		4C91AD97282CF3D00032602E /* CollectionViewController.swift */ = {isa = PBXFileReference; lastKnownFileType = sourcecode.swift; path = CollectionViewController.swift; sourceTree = "<group>"; };
		4C91AD9A282CF4A20032602E /* CollectionRouting.swift */ = {isa = PBXFileReference; lastKnownFileType = sourcecode.swift; path = CollectionRouting.swift; sourceTree = "<group>"; };
		4C91AD9C282CF4E90032602E /* CollectionRouter.swift */ = {isa = PBXFileReference; lastKnownFileType = sourcecode.swift; path = CollectionRouter.swift; sourceTree = "<group>"; };
		4C91AD9F282CF6C00032602E /* CollectionViewModelTests.swift */ = {isa = PBXFileReference; lastKnownFileType = sourcecode.swift; path = CollectionViewModelTests.swift; sourceTree = "<group>"; };
		4C91ADA6282CFBEA0032602E /* ObservablePropertyWrapper.swift */ = {isa = PBXFileReference; lastKnownFileType = sourcecode.swift; path = ObservablePropertyWrapper.swift; sourceTree = "<group>"; };
		4C91ADA8282CFC150032602E /* UIView+ReuseIdentifier.swift */ = {isa = PBXFileReference; lastKnownFileType = sourcecode.swift; path = "UIView+ReuseIdentifier.swift"; sourceTree = "<group>"; };
		4C91ADAE282D0B330032602E /* CollectionPlaceholderView.swift */ = {isa = PBXFileReference; lastKnownFileType = sourcecode.swift; path = CollectionPlaceholderView.swift; sourceTree = "<group>"; };
		4C91ADB0282D25530032602E /* CollectionCell.swift */ = {isa = PBXFileReference; lastKnownFileType = sourcecode.swift; path = CollectionCell.swift; sourceTree = "<group>"; };
		4C91ADB2282D28FE0032602E /* CollectionViewController+Apparence.swift */ = {isa = PBXFileReference; lastKnownFileType = sourcecode.swift; path = "CollectionViewController+Apparence.swift"; sourceTree = "<group>"; };
		4C91ADB4282D29930032602E /* CollectionViewController+CollectionView.swift */ = {isa = PBXFileReference; lastKnownFileType = sourcecode.swift; path = "CollectionViewController+CollectionView.swift"; sourceTree = "<group>"; };
		4C91ADB8282D39520032602E /* CollectionDetailsRequesting.swift */ = {isa = PBXFileReference; lastKnownFileType = sourcecode.swift; path = CollectionDetailsRequesting.swift; sourceTree = "<group>"; };
		4C91ADBA282D39760032602E /* CollectionDetailsService.swift */ = {isa = PBXFileReference; lastKnownFileType = sourcecode.swift; path = CollectionDetailsService.swift; sourceTree = "<group>"; };
		4C91ADBE282D3A110032602E /* CollectionDetailsServiceTests.swift */ = {isa = PBXFileReference; lastKnownFileType = sourcecode.swift; path = CollectionDetailsServiceTests.swift; sourceTree = "<group>"; };
		4C91ADC0282D3A7B0032602E /* CollectionDetailsRequest.swift */ = {isa = PBXFileReference; lastKnownFileType = sourcecode.swift; path = CollectionDetailsRequest.swift; sourceTree = "<group>"; };
		4C91ADC7282D41A30032602E /* ImageCompressor.swift */ = {isa = PBXFileReference; lastKnownFileType = sourcecode.swift; path = ImageCompressor.swift; sourceTree = "<group>"; };
		4CA305CE282C008700A72CFA /* RijksMuseum.app */ = {isa = PBXFileReference; explicitFileType = wrapper.application; includeInIndex = 0; path = RijksMuseum.app; sourceTree = BUILT_PRODUCTS_DIR; };
		4CA305D1282C008700A72CFA /* AppDelegate.swift */ = {isa = PBXFileReference; lastKnownFileType = sourcecode.swift; path = AppDelegate.swift; sourceTree = "<group>"; };
		4CA305D5282C008700A72CFA /* ViewController.swift */ = {isa = PBXFileReference; lastKnownFileType = sourcecode.swift; path = ViewController.swift; sourceTree = "<group>"; };
		4CA305D8282C008700A72CFA /* Base */ = {isa = PBXFileReference; lastKnownFileType = file.storyboard; name = Base; path = Base.lproj/Main.storyboard; sourceTree = "<group>"; };
		4CA305DA282C008900A72CFA /* Assets.xcassets */ = {isa = PBXFileReference; lastKnownFileType = folder.assetcatalog; path = Assets.xcassets; sourceTree = "<group>"; };
		4CA305DD282C008900A72CFA /* Base */ = {isa = PBXFileReference; lastKnownFileType = file.storyboard; name = Base; path = Base.lproj/LaunchScreen.storyboard; sourceTree = "<group>"; };
		4CA305DF282C008900A72CFA /* Info.plist */ = {isa = PBXFileReference; lastKnownFileType = text.plist.xml; path = Info.plist; sourceTree = "<group>"; };
		4CA305E4282C008A00A72CFA /* RijksMuseumTests.xctest */ = {isa = PBXFileReference; explicitFileType = wrapper.cfbundle; includeInIndex = 0; path = RijksMuseumTests.xctest; sourceTree = BUILT_PRODUCTS_DIR; };
		4CDF5A7F282C0E3F00AF69A9 /* CollectionRequesting.swift */ = {isa = PBXFileReference; lastKnownFileType = sourcecode.swift; path = CollectionRequesting.swift; sourceTree = "<group>"; };
		4CDF5A84282C0F0800AF69A9 /* RequestingMock.swift */ = {isa = PBXFileReference; lastKnownFileType = sourcecode.swift; path = RequestingMock.swift; sourceTree = "<group>"; };
		4CDF5A8A282C0FA300AF69A9 /* Encoding.swift */ = {isa = PBXFileReference; fileEncoding = 4; lastKnownFileType = sourcecode.swift; path = Encoding.swift; sourceTree = "<group>"; };
		4CDF5A8B282C0FA300AF69A9 /* Decoding.swift */ = {isa = PBXFileReference; fileEncoding = 4; lastKnownFileType = sourcecode.swift; path = Decoding.swift; sourceTree = "<group>"; };
		4CDF5A8D282C0FA300AF69A9 /* URLEncoder.swift */ = {isa = PBXFileReference; fileEncoding = 4; lastKnownFileType = sourcecode.swift; path = URLEncoder.swift; sourceTree = "<group>"; };
		4CDF5A8F282C0FA300AF69A9 /* JSONDecoder+Decoding.swift */ = {isa = PBXFileReference; fileEncoding = 4; lastKnownFileType = sourcecode.swift; path = "JSONDecoder+Decoding.swift"; sourceTree = "<group>"; };
		4CDF5A92282C0FA300AF69A9 /* Requesting.swift */ = {isa = PBXFileReference; fileEncoding = 4; lastKnownFileType = sourcecode.swift; path = Requesting.swift; sourceTree = "<group>"; };
		4CDF5A95282C0FA300AF69A9 /* UrlRestApiRequester.swift */ = {isa = PBXFileReference; fileEncoding = 4; lastKnownFileType = sourcecode.swift; path = UrlRestApiRequester.swift; sourceTree = "<group>"; };
		4CDF5A97282C0FA300AF69A9 /* RestApiRequester.swift */ = {isa = PBXFileReference; fileEncoding = 4; lastKnownFileType = sourcecode.swift; path = RestApiRequester.swift; sourceTree = "<group>"; };
		4CDF5A99282C0FA300AF69A9 /* Request.swift */ = {isa = PBXFileReference; fileEncoding = 4; lastKnownFileType = sourcecode.swift; path = Request.swift; sourceTree = "<group>"; };
		4CDF5A9B282C0FA300AF69A9 /* HttpMethod.swift */ = {isa = PBXFileReference; fileEncoding = 4; lastKnownFileType = sourcecode.swift; path = HttpMethod.swift; sourceTree = "<group>"; };
		4CDF5A9D282C0FA300AF69A9 /* UrlError.swift */ = {isa = PBXFileReference; fileEncoding = 4; lastKnownFileType = sourcecode.swift; path = UrlError.swift; sourceTree = "<group>"; };
		4CDF5AA9282C0FAD00AF69A9 /* ImageLoader.swift */ = {isa = PBXFileReference; fileEncoding = 4; lastKnownFileType = sourcecode.swift; path = ImageLoader.swift; sourceTree = "<group>"; };
		4CDF5AAA282C0FAD00AF69A9 /* ImagePool.swift */ = {isa = PBXFileReference; fileEncoding = 4; lastKnownFileType = sourcecode.swift; path = ImagePool.swift; sourceTree = "<group>"; };
		4CDF5AAB282C0FAD00AF69A9 /* ImageLoading.swift */ = {isa = PBXFileReference; fileEncoding = 4; lastKnownFileType = sourcecode.swift; path = ImageLoading.swift; sourceTree = "<group>"; };
		4CDF5AAC282C0FAD00AF69A9 /* SyncOperation.swift */ = {isa = PBXFileReference; fileEncoding = 4; lastKnownFileType = sourcecode.swift; path = SyncOperation.swift; sourceTree = "<group>"; };
		4CDF5AAD282C0FAD00AF69A9 /* ImageCaching.swift */ = {isa = PBXFileReference; fileEncoding = 4; lastKnownFileType = sourcecode.swift; path = ImageCaching.swift; sourceTree = "<group>"; };
		4CDF5AC2282C11A300AF69A9 /* CollectionRequest.swift */ = {isa = PBXFileReference; lastKnownFileType = sourcecode.swift; path = CollectionRequest.swift; sourceTree = "<group>"; };
		4CDF5AC4282C123E00AF69A9 /* CollectionServiceTests.swift */ = {isa = PBXFileReference; lastKnownFileType = sourcecode.swift; path = CollectionServiceTests.swift; sourceTree = "<group>"; };
/* End PBXFileReference section */

/* Begin PBXFrameworksBuildPhase section */
		4CA305CB282C008700A72CFA /* Frameworks */ = {
			isa = PBXFrameworksBuildPhase;
			buildActionMask = 2147483647;
			files = (
				4C91ADAD282D0A620032602E /* SnapKit in Frameworks */,
			);
			runOnlyForDeploymentPostprocessing = 0;
		};
		4CA305E1282C008A00A72CFA /* Frameworks */ = {
			isa = PBXFrameworksBuildPhase;
			buildActionMask = 2147483647;
			files = (
			);
			runOnlyForDeploymentPostprocessing = 0;
		};
/* End PBXFrameworksBuildPhase section */

/* Begin PBXGroup section */
		4C91AD85282CEA4F0032602E /* Model */ = {
			isa = PBXGroup;
			children = (
				4C91AD8B282CEADD0032602E /* CollectionModel.swift */,
			);
			path = Model;
			sourceTree = "<group>";
		};
		4C91AD86282CEA680032602E /* Resources */ = {
			isa = PBXGroup;
			children = (
				4CA305DF282C008900A72CFA /* Info.plist */,
				4CA305DA282C008900A72CFA /* Assets.xcassets */,
				4CA305DC282C008900A72CFA /* LaunchScreen.storyboard */,
				4CA305D7282C008700A72CFA /* Main.storyboard */,
			);
			path = Resources;
			sourceTree = "<group>";
		};
		4C91AD87282CEA7D0032602E /* View */ = {
			isa = PBXGroup;
			children = (
				4C91ADB0282D25530032602E /* CollectionCell.swift */,
				4C91ADAE282D0B330032602E /* CollectionPlaceholderView.swift */,
				4C91AD8D282CEB030032602E /* CollectionPresentable.swift */,
				4C91AD97282CF3D00032602E /* CollectionViewController.swift */,
				4C91ADB2282D28FE0032602E /* CollectionViewController+Apparence.swift */,
				4C91ADB4282D29930032602E /* CollectionViewController+CollectionView.swift */,
			);
			path = View;
			sourceTree = "<group>";
		};
		4C91AD88282CEA830032602E /* ViewModel */ = {
			isa = PBXGroup;
			children = (
				4C91AD89282CEAA90032602E /* CollectionViewModel.swift */,
			);
			path = ViewModel;
			sourceTree = "<group>";
		};
		4C91AD8F282CEBFB0032602E /* Model */ = {
			isa = PBXGroup;
			children = (
				4C91AD90282CEC120032602E /* CollectionModelTests.swift */,
			);
			path = Model;
			sourceTree = "<group>";
		};
		4C91AD94282CF3400032602E /* Factory */ = {
			isa = PBXGroup;
			children = (
				4C91AD95282CF35E0032602E /* CollectionFactory.swift */,
			);
			path = Factory;
			sourceTree = "<group>";
		};
		4C91AD99282CF4910032602E /* Router */ = {
			isa = PBXGroup;
			children = (
				4C91AD9A282CF4A20032602E /* CollectionRouting.swift */,
				4C91AD9C282CF4E90032602E /* CollectionRouter.swift */,
			);
			path = Router;
			sourceTree = "<group>";
		};
		4C91AD9E282CF6A50032602E /* ViewModel */ = {
			isa = PBXGroup;
			children = (
				4C91AD9F282CF6C00032602E /* CollectionViewModelTests.swift */,
			);
			path = ViewModel;
			sourceTree = "<group>";
		};
		4C91ADA5282CFBD20032602E /* Utils */ = {
			isa = PBXGroup;
			children = (
				4C91ADA6282CFBEA0032602E /* ObservablePropertyWrapper.swift */,
				4C91ADA8282CFC150032602E /* UIView+ReuseIdentifier.swift */,
			);
			path = Utils;
			sourceTree = "<group>";
		};
		4C91ADB6282D39170032602E /* ObjectDetails */ = {
			isa = PBXGroup;
			children = (
				4C91ADB7282D39490032602E /* Service */,
			);
			path = ObjectDetails;
			sourceTree = "<group>";
		};
		4C91ADB7282D39490032602E /* Service */ = {
			isa = PBXGroup;
			children = (
				4C91ADC0282D3A7B0032602E /* CollectionDetailsRequest.swift */,
				4C91ADB8282D39520032602E /* CollectionDetailsRequesting.swift */,
				4C91ADBA282D39760032602E /* CollectionDetailsService.swift */,
			);
			path = Service;
			sourceTree = "<group>";
		};
		4C91ADBC282D39E60032602E /* ObjectDetails */ = {
			isa = PBXGroup;
			children = (
				4C91ADBD282D39F00032602E /* Service */,
			);
			path = ObjectDetails;
			sourceTree = "<group>";
		};
		4C91ADBD282D39F00032602E /* Service */ = {
			isa = PBXGroup;
			children = (
				4C91ADBE282D3A110032602E /* CollectionDetailsServiceTests.swift */,
			);
			path = Service;
			sourceTree = "<group>";
		};
		4CA305C5282C008700A72CFA = {
			isa = PBXGroup;
			children = (
				4CA305CF282C008700A72CFA /* Products */,
				4CA305D0282C008700A72CFA /* RijksMuseum */,
				4CA305E7282C008A00A72CFA /* RijksMuseumTests */,
			);
			sourceTree = "<group>";
		};
		4CA305CF282C008700A72CFA /* Products */ = {
			isa = PBXGroup;
			children = (
				4CA305CE282C008700A72CFA /* RijksMuseum.app */,
				4CA305E4282C008A00A72CFA /* RijksMuseumTests.xctest */,
			);
			name = Products;
			sourceTree = "<group>";
		};
		4CA305D0282C008700A72CFA /* RijksMuseum */ = {
			isa = PBXGroup;
			children = (
				4CA305D1282C008700A72CFA /* AppDelegate.swift */,
				4CA305D5282C008700A72CFA /* ViewController.swift */,
				4CDF5AA8282C0FAD00AF69A9 /* ImageLoading */,
				4CDF5A86282C0FA300AF69A9 /* Network */,
				4C91AD86282CEA680032602E /* Resources */,
				4CDF5A7C282C0DB100AF69A9 /* Screens */,
				4C91ADA5282CFBD20032602E /* Utils */,
			);
			path = RijksMuseum;
			sourceTree = "<group>";
		};
		4CA305E7282C008A00A72CFA /* RijksMuseumTests */ = {
			isa = PBXGroup;
			children = (
				4C91AD83282CE7710032602E /* AutoMockable.generated.swift */,
				4CDF5A81282C0ECE00AF69A9 /* Screens */,
			);
			path = RijksMuseumTests;
			sourceTree = "<group>";
		};
		4CDF5A7C282C0DB100AF69A9 /* Screens */ = {
			isa = PBXGroup;
			children = (
				4CDF5A7D282C0DBA00AF69A9 /* Collection */,
				4C91ADB6282D39170032602E /* ObjectDetails */,
			);
			path = Screens;
			sourceTree = "<group>";
		};
		4CDF5A7D282C0DBA00AF69A9 /* Collection */ = {
			isa = PBXGroup;
			children = (
				4C91AD99282CF4910032602E /* Router */,
				4C91AD94282CF3400032602E /* Factory */,
				4C91AD88282CEA830032602E /* ViewModel */,
				4C91AD87282CEA7D0032602E /* View */,
				4C91AD85282CEA4F0032602E /* Model */,
				4CDF5A7E282C0DD900AF69A9 /* Service */,
			);
			path = Collection;
			sourceTree = "<group>";
		};
		4CDF5A7E282C0DD900AF69A9 /* Service */ = {
			isa = PBXGroup;
			children = (
				4CDF5A7F282C0E3F00AF69A9 /* CollectionRequesting.swift */,
				4CDF5AC2282C11A300AF69A9 /* CollectionRequest.swift */,
				4C91AD7F282C3CCA0032602E /* CollectionService.swift */,
			);
			path = Service;
			sourceTree = "<group>";
		};
		4CDF5A81282C0ECE00AF69A9 /* Screens */ = {
			isa = PBXGroup;
			children = (
				4C91ADBC282D39E60032602E /* ObjectDetails */,
				4CDF5A82282C0EDE00AF69A9 /* Collection */,
			);
			path = Screens;
			sourceTree = "<group>";
		};
		4CDF5A82282C0EDE00AF69A9 /* Collection */ = {
			isa = PBXGroup;
			children = (
				4C91AD9E282CF6A50032602E /* ViewModel */,
				4C91AD8F282CEBFB0032602E /* Model */,
				4CDF5A83282C0EE700AF69A9 /* Service */,
			);
			path = Collection;
			sourceTree = "<group>";
		};
		4CDF5A83282C0EE700AF69A9 /* Service */ = {
			isa = PBXGroup;
			children = (
				4CDF5A84282C0F0800AF69A9 /* RequestingMock.swift */,
				4CDF5AC4282C123E00AF69A9 /* CollectionServiceTests.swift */,
			);
			path = Service;
			sourceTree = "<group>";
		};
		4CDF5A86282C0FA300AF69A9 /* Network */ = {
			isa = PBXGroup;
			children = (
				4CDF5A87282C0FA300AF69A9 /* Transport */,
				4CDF5A9A282C0FA300AF69A9 /* HTTP */,
				4CDF5A9C282C0FA300AF69A9 /* Errors */,
			);
			path = Network;
			sourceTree = "<group>";
		};
		4CDF5A87282C0FA300AF69A9 /* Transport */ = {
			isa = PBXGroup;
			children = (
				4CDF5A88282C0FA300AF69A9 /* Serialization */,
				4CDF5A90282C0FA300AF69A9 /* Requesting */,
				4CDF5A98282C0FA300AF69A9 /* Request */,
			);
			path = Transport;
			sourceTree = "<group>";
		};
		4CDF5A88282C0FA300AF69A9 /* Serialization */ = {
			isa = PBXGroup;
			children = (
				4CDF5A89282C0FA300AF69A9 /* Core */,
				4CDF5A8C282C0FA300AF69A9 /* URL */,
				4CDF5A8E282C0FA300AF69A9 /* JSON */,
			);
			path = Serialization;
			sourceTree = "<group>";
		};
		4CDF5A89282C0FA300AF69A9 /* Core */ = {
			isa = PBXGroup;
			children = (
				4CDF5A8A282C0FA300AF69A9 /* Encoding.swift */,
				4CDF5A8B282C0FA300AF69A9 /* Decoding.swift */,
			);
			path = Core;
			sourceTree = "<group>";
		};
		4CDF5A8C282C0FA300AF69A9 /* URL */ = {
			isa = PBXGroup;
			children = (
				4CDF5A8D282C0FA300AF69A9 /* URLEncoder.swift */,
			);
			path = URL;
			sourceTree = "<group>";
		};
		4CDF5A8E282C0FA300AF69A9 /* JSON */ = {
			isa = PBXGroup;
			children = (
				4CDF5A8F282C0FA300AF69A9 /* JSONDecoder+Decoding.swift */,
			);
			path = JSON;
			sourceTree = "<group>";
		};
		4CDF5A90282C0FA300AF69A9 /* Requesting */ = {
			isa = PBXGroup;
			children = (
				4CDF5A91282C0FA300AF69A9 /* Core */,
				4CDF5A93282C0FA300AF69A9 /* REST */,
			);
			path = Requesting;
			sourceTree = "<group>";
		};
		4CDF5A91282C0FA300AF69A9 /* Core */ = {
			isa = PBXGroup;
			children = (
				4CDF5A92282C0FA300AF69A9 /* Requesting.swift */,
			);
			path = Core;
			sourceTree = "<group>";
		};
		4CDF5A93282C0FA300AF69A9 /* REST */ = {
			isa = PBXGroup;
			children = (
				4CDF5A94282C0FA300AF69A9 /* URL */,
				4CDF5A96282C0FA300AF69A9 /* AdHoc */,
			);
			path = REST;
			sourceTree = "<group>";
		};
		4CDF5A94282C0FA300AF69A9 /* URL */ = {
			isa = PBXGroup;
			children = (
				4CDF5A95282C0FA300AF69A9 /* UrlRestApiRequester.swift */,
			);
			path = URL;
			sourceTree = "<group>";
		};
		4CDF5A96282C0FA300AF69A9 /* AdHoc */ = {
			isa = PBXGroup;
			children = (
				4CDF5A97282C0FA300AF69A9 /* RestApiRequester.swift */,
			);
			path = AdHoc;
			sourceTree = "<group>";
		};
		4CDF5A98282C0FA300AF69A9 /* Request */ = {
			isa = PBXGroup;
			children = (
				4CDF5A99282C0FA300AF69A9 /* Request.swift */,
			);
			path = Request;
			sourceTree = "<group>";
		};
		4CDF5A9A282C0FA300AF69A9 /* HTTP */ = {
			isa = PBXGroup;
			children = (
				4CDF5A9B282C0FA300AF69A9 /* HttpMethod.swift */,
			);
			path = HTTP;
			sourceTree = "<group>";
		};
		4CDF5A9C282C0FA300AF69A9 /* Errors */ = {
			isa = PBXGroup;
			children = (
				4CDF5A9D282C0FA300AF69A9 /* UrlError.swift */,
			);
			path = Errors;
			sourceTree = "<group>";
		};
		4CDF5AA8282C0FAD00AF69A9 /* ImageLoading */ = {
			isa = PBXGroup;
			children = (
				4CDF5AA9282C0FAD00AF69A9 /* ImageLoader.swift */,
				4CDF5AAA282C0FAD00AF69A9 /* ImagePool.swift */,
				4CDF5AAB282C0FAD00AF69A9 /* ImageLoading.swift */,
				4CDF5AAC282C0FAD00AF69A9 /* SyncOperation.swift */,
				4CDF5AAD282C0FAD00AF69A9 /* ImageCaching.swift */,
				4C91ADC7282D41A30032602E /* ImageCompressor.swift */,
			);
			path = ImageLoading;
			sourceTree = "<group>";
		};
/* End PBXGroup section */

/* Begin PBXNativeTarget section */
		4CA305CD282C008700A72CFA /* RijksMuseum */ = {
			isa = PBXNativeTarget;
			buildConfigurationList = 4CA305F8282C008A00A72CFA /* Build configuration list for PBXNativeTarget "RijksMuseum" */;
			buildPhases = (
				4CDF5A76282C01E700AF69A9 /* Sourcery mock generation */,
				4CDF5A77282C02EA00AF69A9 /* Swiftlint */,
				4CA305CA282C008700A72CFA /* Sources */,
				4CA305CB282C008700A72CFA /* Frameworks */,
				4CA305CC282C008700A72CFA /* Resources */,
			);
			buildRules = (
			);
			dependencies = (
			);
			name = RijksMuseum;
			packageProductDependencies = (
				4C91ADAC282D0A620032602E /* SnapKit */,
			);
			productName = RijksMuseum;
			productReference = 4CA305CE282C008700A72CFA /* RijksMuseum.app */;
			productType = "com.apple.product-type.application";
		};
		4CA305E3282C008A00A72CFA /* RijksMuseumTests */ = {
			isa = PBXNativeTarget;
			buildConfigurationList = 4CA305FB282C008A00A72CFA /* Build configuration list for PBXNativeTarget "RijksMuseumTests" */;
			buildPhases = (
				4CA305E0282C008A00A72CFA /* Sources */,
				4CA305E1282C008A00A72CFA /* Frameworks */,
				4CA305E2282C008A00A72CFA /* Resources */,
			);
			buildRules = (
			);
			dependencies = (
				4CA305E6282C008A00A72CFA /* PBXTargetDependency */,
			);
			name = RijksMuseumTests;
			productName = RijksMuseumTests;
			productReference = 4CA305E4282C008A00A72CFA /* RijksMuseumTests.xctest */;
			productType = "com.apple.product-type.bundle.unit-test";
		};
/* End PBXNativeTarget section */

/* Begin PBXProject section */
		4CA305C6282C008700A72CFA /* Project object */ = {
			isa = PBXProject;
			attributes = {
				BuildIndependentTargetsInParallel = 1;
				LastSwiftUpdateCheck = 1330;
				LastUpgradeCheck = 1330;
				TargetAttributes = {
					4CA305CD282C008700A72CFA = {
						CreatedOnToolsVersion = 13.3.1;
					};
					4CA305E3282C008A00A72CFA = {
						CreatedOnToolsVersion = 13.3.1;
						LastSwiftMigration = 1330;
						TestTargetID = 4CA305CD282C008700A72CFA;
					};
				};
			};
			buildConfigurationList = 4CA305C9282C008700A72CFA /* Build configuration list for PBXProject "RijksMuseum" */;
			compatibilityVersion = "Xcode 13.0";
			developmentRegion = en;
			hasScannedForEncodings = 0;
			knownRegions = (
				en,
				Base,
			);
			mainGroup = 4CA305C5282C008700A72CFA;
			packageReferences = (
				4C91ADAB282D0A620032602E /* XCRemoteSwiftPackageReference "SnapKit" */,
			);
			productRefGroup = 4CA305CF282C008700A72CFA /* Products */;
			projectDirPath = "";
			projectRoot = "";
			targets = (
				4CA305CD282C008700A72CFA /* RijksMuseum */,
				4CA305E3282C008A00A72CFA /* RijksMuseumTests */,
			);
		};
/* End PBXProject section */

/* Begin PBXResourcesBuildPhase section */
		4CA305CC282C008700A72CFA /* Resources */ = {
			isa = PBXResourcesBuildPhase;
			buildActionMask = 2147483647;
			files = (
				4CA305DE282C008900A72CFA /* LaunchScreen.storyboard in Resources */,
				4CA305DB282C008900A72CFA /* Assets.xcassets in Resources */,
				4CA305D9282C008700A72CFA /* Main.storyboard in Resources */,
			);
			runOnlyForDeploymentPostprocessing = 0;
		};
		4CA305E2282C008A00A72CFA /* Resources */ = {
			isa = PBXResourcesBuildPhase;
			buildActionMask = 2147483647;
			files = (
			);
			runOnlyForDeploymentPostprocessing = 0;
		};
/* End PBXResourcesBuildPhase section */

/* Begin PBXShellScriptBuildPhase section */
		4CDF5A76282C01E700AF69A9 /* Sourcery mock generation */ = {
			isa = PBXShellScriptBuildPhase;
			buildActionMask = 2147483647;
			files = (
			);
			inputFileListPaths = (
			);
			inputPaths = (
			);
			name = "Sourcery mock generation";
			outputFileListPaths = (
			);
			outputPaths = (
			);
			runOnlyForDeploymentPostprocessing = 0;
			shellPath = /bin/sh;
			shellScript = "sourcery --config ${PROJECT_DIR}/.sourcery.yml\n";
		};
		4CDF5A77282C02EA00AF69A9 /* Swiftlint */ = {
			isa = PBXShellScriptBuildPhase;
			buildActionMask = 2147483647;
			files = (
			);
			inputFileListPaths = (
			);
			inputPaths = (
			);
			name = Swiftlint;
			outputFileListPaths = (
			);
			outputPaths = (
			);
			runOnlyForDeploymentPostprocessing = 0;
			shellPath = /bin/sh;
			shellScript = "if which swiftlint > /dev/null; then\n  swiftlint\nelse\n  echo \"warning: SwiftLint not installed, download from https://github.com/realm/SwiftLint\"\nfi\n";
		};
/* End PBXShellScriptBuildPhase section */

/* Begin PBXSourcesBuildPhase section */
		4CA305CA282C008700A72CFA /* Sources */ = {
			isa = PBXSourcesBuildPhase;
			buildActionMask = 2147483647;
			files = (
				4C91AD98282CF3D00032602E /* CollectionViewController.swift in Sources */,
				4CDF5AA7282C0FA300AF69A9 /* UrlError.swift in Sources */,
				4C91ADAF282D0B330032602E /* CollectionPlaceholderView.swift in Sources */,
				4CDF5A80282C0E3F00AF69A9 /* CollectionRequesting.swift in Sources */,
				4CDF5AAE282C0FAD00AF69A9 /* ImageLoader.swift in Sources */,
				4C91AD80282C3CCA0032602E /* CollectionService.swift in Sources */,
				4C91ADB1282D25530032602E /* CollectionCell.swift in Sources */,
				4CDF5AA5282C0FA300AF69A9 /* Request.swift in Sources */,
				4C91ADB3282D28FE0032602E /* CollectionViewController+Apparence.swift in Sources */,
				4CDF5AA6282C0FA300AF69A9 /* HttpMethod.swift in Sources */,
				4CDF5AA3282C0FA300AF69A9 /* UrlRestApiRequester.swift in Sources */,
				4CDF5A9E282C0FA300AF69A9 /* Encoding.swift in Sources */,
				4CDF5AAF282C0FAD00AF69A9 /* ImagePool.swift in Sources */,
				4CA305D6282C008700A72CFA /* ViewController.swift in Sources */,
				4C91ADB5282D29930032602E /* CollectionViewController+CollectionView.swift in Sources */,
				4C91ADB9282D39520032602E /* CollectionDetailsRequesting.swift in Sources */,
				4CDF5AA0282C0FA300AF69A9 /* URLEncoder.swift in Sources */,
				4CA305D2282C008700A72CFA /* AppDelegate.swift in Sources */,
				4C91ADA7282CFBEA0032602E /* ObservablePropertyWrapper.swift in Sources */,
				4CDF5AA1282C0FA300AF69A9 /* JSONDecoder+Decoding.swift in Sources */,
				4CDF5AB2282C0FAD00AF69A9 /* ImageCaching.swift in Sources */,
				4CDF5AB1282C0FAD00AF69A9 /* SyncOperation.swift in Sources */,
				4CDF5A9F282C0FA300AF69A9 /* Decoding.swift in Sources */,
				4C91AD8C282CEADD0032602E /* CollectionModel.swift in Sources */,
				4CDF5AA4282C0FA300AF69A9 /* RestApiRequester.swift in Sources */,
				4C91AD8A282CEAA90032602E /* CollectionViewModel.swift in Sources */,
				4CDF5AA2282C0FA300AF69A9 /* Requesting.swift in Sources */,
				4CDF5AB0282C0FAD00AF69A9 /* ImageLoading.swift in Sources */,
				4C91AD96282CF35E0032602E /* CollectionFactory.swift in Sources */,
				4C91AD9B282CF4A20032602E /* CollectionRouting.swift in Sources */,
				4C91ADC8282D41A30032602E /* ImageCompressor.swift in Sources */,
				4C91ADBB282D39760032602E /* CollectionDetailsService.swift in Sources */,
				4CDF5AC3282C11A300AF69A9 /* CollectionRequest.swift in Sources */,
				4C91ADC1282D3A7B0032602E /* CollectionDetailsRequest.swift in Sources */,
				4C91ADA9282CFC150032602E /* UIView+ReuseIdentifier.swift in Sources */,
				4C91AD9D282CF4E90032602E /* CollectionRouter.swift in Sources */,
				4C91AD8E282CEB030032602E /* CollectionPresentable.swift in Sources */,
			);
			runOnlyForDeploymentPostprocessing = 0;
		};
		4CA305E0282C008A00A72CFA /* Sources */ = {
			isa = PBXSourcesBuildPhase;
			buildActionMask = 2147483647;
			files = (
				4C91AD82282C3F4F0032602E /* CollectionRequesting.swift in Sources */,
				4CDF5ABB282C0FF200AF69A9 /* URLEncoder.swift in Sources */,
				4C91ADA0282CF6C00032602E /* CollectionViewModelTests.swift in Sources */,
				4C91ADC9282D42190032602E /* ImageCompressor.swift in Sources */,
				4CDF5AC6282C12B700AF69A9 /* CollectionRequest.swift in Sources */,
				4CDF5ABC282C0FF500AF69A9 /* JSONDecoder+Decoding.swift in Sources */,
				4CDF5AC0282C0FF900AF69A9 /* ImageLoader.swift in Sources */,
				4CDF5ABE282C0FF900AF69A9 /* ImageCaching.swift in Sources */,
				4CDF5AB9282C0FEC00AF69A9 /* Encoding.swift in Sources */,
				4CDF5ABF282C0FF900AF69A9 /* ImageLoading.swift in Sources */,
				4C91AD84282CE7710032602E /* AutoMockable.generated.swift in Sources */,
				4C91ADA3282CF7360032602E /* CollectionRouting.swift in Sources */,
				4CDF5AB8282C0FDC00AF69A9 /* UrlError.swift in Sources */,
				4CDF5AB3282C0FBF00AF69A9 /* Requesting.swift in Sources */,
				4C91ADAA282CFC7B0032602E /* ObservablePropertyWrapper.swift in Sources */,
				4CDF5AB5282C0FCC00AF69A9 /* RestApiRequester.swift in Sources */,
				4C91ADC3282D3AC10032602E /* CollectionDetailsService.swift in Sources */,
				4CDF5AB6282C0FCF00AF69A9 /* Request.swift in Sources */,
				4C91ADBF282D3A110032602E /* CollectionDetailsServiceTests.swift in Sources */,
				4CDF5AB4282C0FC900AF69A9 /* UrlRestApiRequester.swift in Sources */,
				4CDF5AB7282C0FD900AF69A9 /* HttpMethod.swift in Sources */,
				4CDF5AC1282C0FF900AF69A9 /* SyncOperation.swift in Sources */,
				4C91ADC2282D3AB30032602E /* CollectionDetailsRequest.swift in Sources */,
				4C91AD92282CED6B0032602E /* CollectionModel.swift in Sources */,
				4CDF5ABA282C0FEE00AF69A9 /* Decoding.swift in Sources */,
				4CDF5AC5282C123E00AF69A9 /* CollectionServiceTests.swift in Sources */,
				4CDF5A85282C0F0800AF69A9 /* RequestingMock.swift in Sources */,
				4C91AD81282C3F370032602E /* CollectionService.swift in Sources */,
				4CDF5ABD282C0FF900AF69A9 /* ImagePool.swift in Sources */,
				4C91ADA2282CF7360032602E /* CollectionViewModel.swift in Sources */,
				4C91AD91282CEC120032602E /* CollectionModelTests.swift in Sources */,
				4C91AD93282CED790032602E /* CollectionPresentable.swift in Sources */,
				4C91ADC4282D3ACF0032602E /* CollectionDetailsRequesting.swift in Sources */,
			);
			runOnlyForDeploymentPostprocessing = 0;
		};
/* End PBXSourcesBuildPhase section */

/* Begin PBXTargetDependency section */
		4CA305E6282C008A00A72CFA /* PBXTargetDependency */ = {
			isa = PBXTargetDependency;
			target = 4CA305CD282C008700A72CFA /* RijksMuseum */;
			targetProxy = 4CA305E5282C008A00A72CFA /* PBXContainerItemProxy */;
		};
/* End PBXTargetDependency section */

/* Begin PBXVariantGroup section */
		4CA305D7282C008700A72CFA /* Main.storyboard */ = {
			isa = PBXVariantGroup;
			children = (
				4CA305D8282C008700A72CFA /* Base */,
			);
			name = Main.storyboard;
			sourceTree = "<group>";
		};
		4CA305DC282C008900A72CFA /* LaunchScreen.storyboard */ = {
			isa = PBXVariantGroup;
			children = (
				4CA305DD282C008900A72CFA /* Base */,
			);
			name = LaunchScreen.storyboard;
			sourceTree = "<group>";
		};
/* End PBXVariantGroup section */

/* Begin XCBuildConfiguration section */
		4CA305F6282C008A00A72CFA /* Debug */ = {
			isa = XCBuildConfiguration;
			buildSettings = {
				ALWAYS_SEARCH_USER_PATHS = NO;
				CLANG_ANALYZER_NONNULL = YES;
				CLANG_ANALYZER_NUMBER_OBJECT_CONVERSION = YES_AGGRESSIVE;
				CLANG_CXX_LANGUAGE_STANDARD = "gnu++17";
				CLANG_ENABLE_MODULES = YES;
				CLANG_ENABLE_OBJC_ARC = YES;
				CLANG_ENABLE_OBJC_WEAK = YES;
				CLANG_WARN_BLOCK_CAPTURE_AUTORELEASING = YES;
				CLANG_WARN_BOOL_CONVERSION = YES;
				CLANG_WARN_COMMA = YES;
				CLANG_WARN_CONSTANT_CONVERSION = YES;
				CLANG_WARN_DEPRECATED_OBJC_IMPLEMENTATIONS = YES;
				CLANG_WARN_DIRECT_OBJC_ISA_USAGE = YES_ERROR;
				CLANG_WARN_DOCUMENTATION_COMMENTS = YES;
				CLANG_WARN_EMPTY_BODY = YES;
				CLANG_WARN_ENUM_CONVERSION = YES;
				CLANG_WARN_INFINITE_RECURSION = YES;
				CLANG_WARN_INT_CONVERSION = YES;
				CLANG_WARN_NON_LITERAL_NULL_CONVERSION = YES;
				CLANG_WARN_OBJC_IMPLICIT_RETAIN_SELF = YES;
				CLANG_WARN_OBJC_LITERAL_CONVERSION = YES;
				CLANG_WARN_OBJC_ROOT_CLASS = YES_ERROR;
				CLANG_WARN_QUOTED_INCLUDE_IN_FRAMEWORK_HEADER = YES;
				CLANG_WARN_RANGE_LOOP_ANALYSIS = YES;
				CLANG_WARN_STRICT_PROTOTYPES = YES;
				CLANG_WARN_SUSPICIOUS_MOVE = YES;
				CLANG_WARN_UNGUARDED_AVAILABILITY = YES_AGGRESSIVE;
				CLANG_WARN_UNREACHABLE_CODE = YES;
				CLANG_WARN__DUPLICATE_METHOD_MATCH = YES;
				COPY_PHASE_STRIP = NO;
				DEBUG_INFORMATION_FORMAT = dwarf;
				ENABLE_STRICT_OBJC_MSGSEND = YES;
				ENABLE_TESTABILITY = YES;
				GCC_C_LANGUAGE_STANDARD = gnu11;
				GCC_DYNAMIC_NO_PIC = NO;
				GCC_NO_COMMON_BLOCKS = YES;
				GCC_OPTIMIZATION_LEVEL = 0;
				GCC_PREPROCESSOR_DEFINITIONS = (
					"DEBUG=1",
					"$(inherited)",
				);
				GCC_WARN_64_TO_32_BIT_CONVERSION = YES;
				GCC_WARN_ABOUT_RETURN_TYPE = YES_ERROR;
				GCC_WARN_UNDECLARED_SELECTOR = YES;
				GCC_WARN_UNINITIALIZED_AUTOS = YES_AGGRESSIVE;
				GCC_WARN_UNUSED_FUNCTION = YES;
				GCC_WARN_UNUSED_VARIABLE = YES;
				IPHONEOS_DEPLOYMENT_TARGET = 15.4;
				MTL_ENABLE_DEBUG_INFO = INCLUDE_SOURCE;
				MTL_FAST_MATH = YES;
				ONLY_ACTIVE_ARCH = YES;
				SDKROOT = iphoneos;
				SWIFT_ACTIVE_COMPILATION_CONDITIONS = DEBUG;
				SWIFT_OPTIMIZATION_LEVEL = "-Onone";
			};
			name = Debug;
		};
		4CA305F7282C008A00A72CFA /* Release */ = {
			isa = XCBuildConfiguration;
			buildSettings = {
				ALWAYS_SEARCH_USER_PATHS = NO;
				CLANG_ANALYZER_NONNULL = YES;
				CLANG_ANALYZER_NUMBER_OBJECT_CONVERSION = YES_AGGRESSIVE;
				CLANG_CXX_LANGUAGE_STANDARD = "gnu++17";
				CLANG_ENABLE_MODULES = YES;
				CLANG_ENABLE_OBJC_ARC = YES;
				CLANG_ENABLE_OBJC_WEAK = YES;
				CLANG_WARN_BLOCK_CAPTURE_AUTORELEASING = YES;
				CLANG_WARN_BOOL_CONVERSION = YES;
				CLANG_WARN_COMMA = YES;
				CLANG_WARN_CONSTANT_CONVERSION = YES;
				CLANG_WARN_DEPRECATED_OBJC_IMPLEMENTATIONS = YES;
				CLANG_WARN_DIRECT_OBJC_ISA_USAGE = YES_ERROR;
				CLANG_WARN_DOCUMENTATION_COMMENTS = YES;
				CLANG_WARN_EMPTY_BODY = YES;
				CLANG_WARN_ENUM_CONVERSION = YES;
				CLANG_WARN_INFINITE_RECURSION = YES;
				CLANG_WARN_INT_CONVERSION = YES;
				CLANG_WARN_NON_LITERAL_NULL_CONVERSION = YES;
				CLANG_WARN_OBJC_IMPLICIT_RETAIN_SELF = YES;
				CLANG_WARN_OBJC_LITERAL_CONVERSION = YES;
				CLANG_WARN_OBJC_ROOT_CLASS = YES_ERROR;
				CLANG_WARN_QUOTED_INCLUDE_IN_FRAMEWORK_HEADER = YES;
				CLANG_WARN_RANGE_LOOP_ANALYSIS = YES;
				CLANG_WARN_STRICT_PROTOTYPES = YES;
				CLANG_WARN_SUSPICIOUS_MOVE = YES;
				CLANG_WARN_UNGUARDED_AVAILABILITY = YES_AGGRESSIVE;
				CLANG_WARN_UNREACHABLE_CODE = YES;
				CLANG_WARN__DUPLICATE_METHOD_MATCH = YES;
				COPY_PHASE_STRIP = NO;
				DEBUG_INFORMATION_FORMAT = "dwarf-with-dsym";
				ENABLE_NS_ASSERTIONS = NO;
				ENABLE_STRICT_OBJC_MSGSEND = YES;
				GCC_C_LANGUAGE_STANDARD = gnu11;
				GCC_NO_COMMON_BLOCKS = YES;
				GCC_WARN_64_TO_32_BIT_CONVERSION = YES;
				GCC_WARN_ABOUT_RETURN_TYPE = YES_ERROR;
				GCC_WARN_UNDECLARED_SELECTOR = YES;
				GCC_WARN_UNINITIALIZED_AUTOS = YES_AGGRESSIVE;
				GCC_WARN_UNUSED_FUNCTION = YES;
				GCC_WARN_UNUSED_VARIABLE = YES;
				IPHONEOS_DEPLOYMENT_TARGET = 15.4;
				MTL_ENABLE_DEBUG_INFO = NO;
				MTL_FAST_MATH = YES;
				SDKROOT = iphoneos;
				SWIFT_COMPILATION_MODE = wholemodule;
				SWIFT_OPTIMIZATION_LEVEL = "-O";
				VALIDATE_PRODUCT = YES;
			};
			name = Release;
		};
		4CA305F9282C008A00A72CFA /* Debug */ = {
			isa = XCBuildConfiguration;
			buildSettings = {
				ASSETCATALOG_COMPILER_APPICON_NAME = AppIcon;
				ASSETCATALOG_COMPILER_GLOBAL_ACCENT_COLOR_NAME = AccentColor;
				CODE_SIGN_STYLE = Automatic;
				CURRENT_PROJECT_VERSION = 1;
				DEVELOPMENT_TEAM = GS86NCENM6;
				GENERATE_INFOPLIST_FILE = YES;
				INFOPLIST_FILE = RijksMuseum/Resources/Info.plist;
				INFOPLIST_KEY_UIApplicationSupportsIndirectInputEvents = YES;
				INFOPLIST_KEY_UILaunchStoryboardName = LaunchScreen;
				INFOPLIST_KEY_UIMainStoryboardFile = Main;
				INFOPLIST_KEY_UISupportedInterfaceOrientations_iPad = "UIInterfaceOrientationPortrait UIInterfaceOrientationPortraitUpsideDown UIInterfaceOrientationLandscapeLeft UIInterfaceOrientationLandscapeRight";
				INFOPLIST_KEY_UISupportedInterfaceOrientations_iPhone = "UIInterfaceOrientationPortrait UIInterfaceOrientationLandscapeLeft UIInterfaceOrientationLandscapeRight";
				LD_RUNPATH_SEARCH_PATHS = (
					"$(inherited)",
					"@executable_path/Frameworks",
				);
				MARKETING_VERSION = 1.0;
				PRODUCT_BUNDLE_IDENTIFIER = com.mobiquityinc.RijksMuseum;
				PRODUCT_NAME = "$(TARGET_NAME)";
				SWIFT_EMIT_LOC_STRINGS = YES;
				SWIFT_VERSION = 5.0;
				TARGETED_DEVICE_FAMILY = "1,2";
			};
			name = Debug;
		};
		4CA305FA282C008A00A72CFA /* Release */ = {
			isa = XCBuildConfiguration;
			buildSettings = {
				ASSETCATALOG_COMPILER_APPICON_NAME = AppIcon;
				ASSETCATALOG_COMPILER_GLOBAL_ACCENT_COLOR_NAME = AccentColor;
				CODE_SIGN_STYLE = Automatic;
				CURRENT_PROJECT_VERSION = 1;
				DEVELOPMENT_TEAM = GS86NCENM6;
				GENERATE_INFOPLIST_FILE = YES;
				INFOPLIST_FILE = RijksMuseum/Resources/Info.plist;
				INFOPLIST_KEY_UIApplicationSupportsIndirectInputEvents = YES;
				INFOPLIST_KEY_UILaunchStoryboardName = LaunchScreen;
				INFOPLIST_KEY_UIMainStoryboardFile = Main;
				INFOPLIST_KEY_UISupportedInterfaceOrientations_iPad = "UIInterfaceOrientationPortrait UIInterfaceOrientationPortraitUpsideDown UIInterfaceOrientationLandscapeLeft UIInterfaceOrientationLandscapeRight";
				INFOPLIST_KEY_UISupportedInterfaceOrientations_iPhone = "UIInterfaceOrientationPortrait UIInterfaceOrientationLandscapeLeft UIInterfaceOrientationLandscapeRight";
				LD_RUNPATH_SEARCH_PATHS = (
					"$(inherited)",
					"@executable_path/Frameworks",
				);
				MARKETING_VERSION = 1.0;
				PRODUCT_BUNDLE_IDENTIFIER = com.mobiquityinc.RijksMuseum;
				PRODUCT_NAME = "$(TARGET_NAME)";
				SWIFT_EMIT_LOC_STRINGS = YES;
				SWIFT_VERSION = 5.0;
				TARGETED_DEVICE_FAMILY = "1,2";
			};
			name = Release;
		};
		4CA305FC282C008A00A72CFA /* Debug */ = {
			isa = XCBuildConfiguration;
			buildSettings = {
				ALWAYS_EMBED_SWIFT_STANDARD_LIBRARIES = YES;
				BUNDLE_LOADER = "$(TEST_HOST)";
				CLANG_ENABLE_MODULES = YES;
				CODE_SIGN_STYLE = Automatic;
				CURRENT_PROJECT_VERSION = 1;
				DEVELOPMENT_TEAM = GS86NCENM6;
				GENERATE_INFOPLIST_FILE = YES;
				IPHONEOS_DEPLOYMENT_TARGET = 15.4;
				LD_RUNPATH_SEARCH_PATHS = (
					"$(inherited)",
					"@executable_path/Frameworks",
					"@loader_path/Frameworks",
				);
				MARKETING_VERSION = 1.0;
				PRODUCT_BUNDLE_IDENTIFIER = com.mobiquityinc.RijksMuseumTests;
				PRODUCT_NAME = "$(TARGET_NAME)";
				SWIFT_EMIT_LOC_STRINGS = NO;
				SWIFT_OPTIMIZATION_LEVEL = "-Onone";
				SWIFT_VERSION = 5.0;
				TARGETED_DEVICE_FAMILY = "1,2";
				TEST_HOST = "$(BUILT_PRODUCTS_DIR)/RijksMuseum.app/RijksMuseum";
			};
			name = Debug;
		};
		4CA305FD282C008A00A72CFA /* Release */ = {
			isa = XCBuildConfiguration;
			buildSettings = {
				ALWAYS_EMBED_SWIFT_STANDARD_LIBRARIES = YES;
				BUNDLE_LOADER = "$(TEST_HOST)";
				CLANG_ENABLE_MODULES = YES;
				CODE_SIGN_STYLE = Automatic;
				CURRENT_PROJECT_VERSION = 1;
				DEVELOPMENT_TEAM = GS86NCENM6;
				GENERATE_INFOPLIST_FILE = YES;
				IPHONEOS_DEPLOYMENT_TARGET = 15.4;
				LD_RUNPATH_SEARCH_PATHS = (
					"$(inherited)",
					"@executable_path/Frameworks",
					"@loader_path/Frameworks",
				);
				MARKETING_VERSION = 1.0;
				PRODUCT_BUNDLE_IDENTIFIER = com.mobiquityinc.RijksMuseumTests;
				PRODUCT_NAME = "$(TARGET_NAME)";
				SWIFT_EMIT_LOC_STRINGS = NO;
				SWIFT_VERSION = 5.0;
				TARGETED_DEVICE_FAMILY = "1,2";
				TEST_HOST = "$(BUILT_PRODUCTS_DIR)/RijksMuseum.app/RijksMuseum";
			};
			name = Release;
		};
/* End XCBuildConfiguration section */

/* Begin XCConfigurationList section */
		4CA305C9282C008700A72CFA /* Build configuration list for PBXProject "RijksMuseum" */ = {
			isa = XCConfigurationList;
			buildConfigurations = (
				4CA305F6282C008A00A72CFA /* Debug */,
				4CA305F7282C008A00A72CFA /* Release */,
			);
			defaultConfigurationIsVisible = 0;
			defaultConfigurationName = Release;
		};
		4CA305F8282C008A00A72CFA /* Build configuration list for PBXNativeTarget "RijksMuseum" */ = {
			isa = XCConfigurationList;
			buildConfigurations = (
				4CA305F9282C008A00A72CFA /* Debug */,
				4CA305FA282C008A00A72CFA /* Release */,
			);
			defaultConfigurationIsVisible = 0;
			defaultConfigurationName = Release;
		};
		4CA305FB282C008A00A72CFA /* Build configuration list for PBXNativeTarget "RijksMuseumTests" */ = {
			isa = XCConfigurationList;
			buildConfigurations = (
				4CA305FC282C008A00A72CFA /* Debug */,
				4CA305FD282C008A00A72CFA /* Release */,
			);
			defaultConfigurationIsVisible = 0;
			defaultConfigurationName = Release;
		};
/* End XCConfigurationList section */

/* Begin XCRemoteSwiftPackageReference section */
		4C91ADAB282D0A620032602E /* XCRemoteSwiftPackageReference "SnapKit" */ = {
			isa = XCRemoteSwiftPackageReference;
			repositoryURL = "https://github.com/SnapKit/SnapKit.git";
			requirement = {
				branch = develop;
				kind = branch;
			};
		};
/* End XCRemoteSwiftPackageReference section */

/* Begin XCSwiftPackageProductDependency section */
		4C91ADAC282D0A620032602E /* SnapKit */ = {
			isa = XCSwiftPackageProductDependency;
			package = 4C91ADAB282D0A620032602E /* XCRemoteSwiftPackageReference "SnapKit" */;
			productName = SnapKit;
		};
/* End XCSwiftPackageProductDependency section */
	};
	rootObject = 4CA305C6282C008700A72CFA /* Project object */;
}
