// !$*UTF8*$!
{
	archiveVersion = 1;
	classes = {
	};
	objectVersion = 55;
	objects = {

/* Begin PBXBuildFile section */
		4CA305D2282C008700A72CFA /* AppDelegate.swift in Sources */ = {isa = PBXBuildFile; fileRef = 4CA305D1282C008700A72CFA /* AppDelegate.swift */; };
		4CA305D4282C008700A72CFA /* SceneDelegate.swift in Sources */ = {isa = PBXBuildFile; fileRef = 4CA305D3282C008700A72CFA /* SceneDelegate.swift */; };
		4CA305D6282C008700A72CFA /* ViewController.swift in Sources */ = {isa = PBXBuildFile; fileRef = 4CA305D5282C008700A72CFA /* ViewController.swift */; };
		4CA305D9282C008700A72CFA /* Main.storyboard in Resources */ = {isa = PBXBuildFile; fileRef = 4CA305D7282C008700A72CFA /* Main.storyboard */; };
		4CA305DB282C008900A72CFA /* Assets.xcassets in Resources */ = {isa = PBXBuildFile; fileRef = 4CA305DA282C008900A72CFA /* Assets.xcassets */; };
		4CA305DE282C008900A72CFA /* LaunchScreen.storyboard in Resources */ = {isa = PBXBuildFile; fileRef = 4CA305DC282C008900A72CFA /* LaunchScreen.storyboard */; };
		4CA305E9282C008A00A72CFA /* RijksMuseumTests.swift in Sources */ = {isa = PBXBuildFile; fileRef = 4CA305E8282C008A00A72CFA /* RijksMuseumTests.swift */; };
/* End PBXBuildFile section */

/* Begin PBXContainerItemProxy section */
		4CA305E5282C008A00A72CFA /* PBXContainerItemProxy */ = {
			isa = PBXContainerItemProxy;
			containerPortal = 4CA305C6282C008700A72CFA /* Project object */;
			proxyType = 1;
			remoteGlobalIDString = 4CA305CD282C008700A72CFA;
			remoteInfo = RijksMuseum;
		};
/* End PBXContainerItemProxy section */

/* Begin PBXFileReference section */
		4CA305CE282C008700A72CFA /* RijksMuseum.app */ = {isa = PBXFileReference; explicitFileType = wrapper.application; includeInIndex = 0; path = RijksMuseum.app; sourceTree = BUILT_PRODUCTS_DIR; };
		4CA305D1282C008700A72CFA /* AppDelegate.swift */ = {isa = PBXFileReference; lastKnownFileType = sourcecode.swift; path = AppDelegate.swift; sourceTree = "<group>"; };
		4CA305D3282C008700A72CFA /* SceneDelegate.swift */ = {isa = PBXFileReference; lastKnownFileType = sourcecode.swift; path = SceneDelegate.swift; sourceTree = "<group>"; };
		4CA305D5282C008700A72CFA /* ViewController.swift */ = {isa = PBXFileReference; lastKnownFileType = sourcecode.swift; path = ViewController.swift; sourceTree = "<group>"; };
		4CA305D8282C008700A72CFA /* Base */ = {isa = PBXFileReference; lastKnownFileType = file.storyboard; name = Base; path = Base.lproj/Main.storyboard; sourceTree = "<group>"; };
		4CA305DA282C008900A72CFA /* Assets.xcassets */ = {isa = PBXFileReference; lastKnownFileType = folder.assetcatalog; path = Assets.xcassets; sourceTree = "<group>"; };
		4CA305DD282C008900A72CFA /* Base */ = {isa = PBXFileReference; lastKnownFileType = file.storyboard; name = Base; path = Base.lproj/LaunchScreen.storyboard; sourceTree = "<group>"; };
		4CA305DF282C008900A72CFA /* Info.plist */ = {isa = PBXFileReference; lastKnownFileType = text.plist.xml; path = Info.plist; sourceTree = "<group>"; };
		4CA305E4282C008A00A72CFA /* RijksMuseumTests.xctest */ = {isa = PBXFileReference; explicitFileType = wrapper.cfbundle; includeInIndex = 0; path = RijksMuseumTests.xctest; sourceTree = BUILT_PRODUCTS_DIR; };
		4CA305E8282C008A00A72CFA /* RijksMuseumTests.swift */ = {isa = PBXFileReference; lastKnownFileType = sourcecode.swift; path = RijksMuseumTests.swift; sourceTree = "<group>"; };
/* End PBXFileReference section */

/* Begin PBXFrameworksBuildPhase section */
		4CA305CB282C008700A72CFA /* Frameworks */ = {
			isa = PBXFrameworksBuildPhase;
			buildActionMask = 2147483647;
			files = (
			);
			runOnlyForDeploymentPostprocessing = 0;
		};
		4CA305E1282C008A00A72CFA /* Frameworks */ = {
			isa = PBXFrameworksBuildPhase;
			buildActionMask = 2147483647;
			files = (
			);
			runOnlyForDeploymentPostprocessing = 0;
		};
/* End PBXFrameworksBuildPhase section */

/* Begin PBXGroup section */
		4CA305C5282C008700A72CFA = {
			isa = PBXGroup;
			children = (
				4CA305D0282C008700A72CFA /* RijksMuseum */,
				4CA305E7282C008A00A72CFA /* RijksMuseumTests */,
				4CA305CF282C008700A72CFA /* Products */,
			);
			sourceTree = "<group>";
		};
		4CA305CF282C008700A72CFA /* Products */ = {
			isa = PBXGroup;
			children = (
				4CA305CE282C008700A72CFA /* RijksMuseum.app */,
				4CA305E4282C008A00A72CFA /* RijksMuseumTests.xctest */,
			);
			name = Products;
			sourceTree = "<group>";
		};
		4CA305D0282C008700A72CFA /* RijksMuseum */ = {
			isa = PBXGroup;
			children = (
				4CA305D1282C008700A72CFA /* AppDelegate.swift */,
				4CA305D3282C008700A72CFA /* SceneDelegate.swift */,
				4CA305D5282C008700A72CFA /* ViewController.swift */,
				4CA305D7282C008700A72CFA /* Main.storyboard */,
				4CA305DA282C008900A72CFA /* Assets.xcassets */,
				4CA305DC282C008900A72CFA /* LaunchScreen.storyboard */,
				4CA305DF282C008900A72CFA /* Info.plist */,
			);
			path = RijksMuseum;
			sourceTree = "<group>";
		};
		4CA305E7282C008A00A72CFA /* RijksMuseumTests */ = {
			isa = PBXGroup;
			children = (
				4CA305E8282C008A00A72CFA /* RijksMuseumTests.swift */,
			);
			path = RijksMuseumTests;
			sourceTree = "<group>";
		};
/* End PBXGroup section */

/* Begin PBXNativeTarget section */
		4CA305CD282C008700A72CFA /* RijksMuseum */ = {
			isa = PBXNativeTarget;
			buildConfigurationList = 4CA305F8282C008A00A72CFA /* Build configuration list for PBXNativeTarget "RijksMuseum" */;
			buildPhases = (
				4CDF5A76282C01E700AF69A9 /* Sourcery mock generation */,
				4CDF5A77282C02EA00AF69A9 /* Swiftlint */,
				4CA305CA282C008700A72CFA /* Sources */,
				4CA305CB282C008700A72CFA /* Frameworks */,
				4CA305CC282C008700A72CFA /* Resources */,
			);
			buildRules = (
			);
			dependencies = (
			);
			name = RijksMuseum;
			productName = RijksMuseum;
			productReference = 4CA305CE282C008700A72CFA /* RijksMuseum.app */;
			productType = "com.apple.product-type.application";
		};
		4CA305E3282C008A00A72CFA /* RijksMuseumTests */ = {
			isa = PBXNativeTarget;
			buildConfigurationList = 4CA305FB282C008A00A72CFA /* Build configuration list for PBXNativeTarget "RijksMuseumTests" */;
			buildPhases = (
				4CA305E0282C008A00A72CFA /* Sources */,
				4CA305E1282C008A00A72CFA /* Frameworks */,
				4CA305E2282C008A00A72CFA /* Resources */,
			);
			buildRules = (
			);
			dependencies = (
				4CA305E6282C008A00A72CFA /* PBXTargetDependency */,
			);
			name = RijksMuseumTests;
			productName = RijksMuseumTests;
			productReference = 4CA305E4282C008A00A72CFA /* RijksMuseumTests.xctest */;
			productType = "com.apple.product-type.bundle.unit-test";
		};
/* End PBXNativeTarget section */

/* Begin PBXProject section */
		4CA305C6282C008700A72CFA /* Project object */ = {
			isa = PBXProject;
			attributes = {
				BuildIndependentTargetsInParallel = 1;
				LastSwiftUpdateCheck = 1330;
				LastUpgradeCheck = 1330;
				TargetAttributes = {
					4CA305CD282C008700A72CFA = {
						CreatedOnToolsVersion = 13.3.1;
					};
					4CA305E3282C008A00A72CFA = {
						CreatedOnToolsVersion = 13.3.1;
						TestTargetID = 4CA305CD282C008700A72CFA;
					};
				};
			};
			buildConfigurationList = 4CA305C9282C008700A72CFA /* Build configuration list for PBXProject "RijksMuseum" */;
			compatibilityVersion = "Xcode 13.0";
			developmentRegion = en;
			hasScannedForEncodings = 0;
			knownRegions = (
				en,
				Base,
			);
			mainGroup = 4CA305C5282C008700A72CFA;
			productRefGroup = 4CA305CF282C008700A72CFA /* Products */;
			projectDirPath = "";
			projectRoot = "";
			targets = (
				4CA305CD282C008700A72CFA /* RijksMuseum */,
				4CA305E3282C008A00A72CFA /* RijksMuseumTests */,
			);
		};
/* End PBXProject section */

/* Begin PBXResourcesBuildPhase section */
		4CA305CC282C008700A72CFA /* Resources */ = {
			isa = PBXResourcesBuildPhase;
			buildActionMask = 2147483647;
			files = (
				4CA305DE282C008900A72CFA /* LaunchScreen.storyboard in Resources */,
				4CA305DB282C008900A72CFA /* Assets.xcassets in Resources */,
				4CA305D9282C008700A72CFA /* Main.storyboard in Resources */,
			);
			runOnlyForDeploymentPostprocessing = 0;
		};
		4CA305E2282C008A00A72CFA /* Resources */ = {
			isa = PBXResourcesBuildPhase;
			buildActionMask = 2147483647;
			files = (
			);
			runOnlyForDeploymentPostprocessing = 0;
		};
/* End PBXResourcesBuildPhase section */

/* Begin PBXShellScriptBuildPhase section */
		4CDF5A76282C01E700AF69A9 /* Sourcery mock generation */ = {
			isa = PBXShellScriptBuildPhase;
			buildActionMask = 2147483647;
			files = (
			);
			inputFileListPaths = (
			);
			inputPaths = (
			);
			name = "Sourcery mock generation";
			outputFileListPaths = (
			);
			outputPaths = (
			);
			runOnlyForDeploymentPostprocessing = 0;
			shellPath = /bin/sh;
			shellScript = "sourcery --config ${PROJECT_DIR}/.sourcery.yml\n";
		};
		4CDF5A77282C02EA00AF69A9 /* Swiftlint */ = {
			isa = PBXShellScriptBuildPhase;
			buildActionMask = 2147483647;
			files = (
			);
			inputFileListPaths = (
			);
			inputPaths = (
			);
			name = Swiftlint;
			outputFileListPaths = (
			);
			outputPaths = (
			);
			runOnlyForDeploymentPostprocessing = 0;
			shellPath = /bin/sh;
			shellScript = "if which swiftlint > /dev/null; then\n  swiftlint\nelse\n  echo \"warning: SwiftLint not installed, download from https://github.com/realm/SwiftLint\"\nfi\n";
		};
/* End PBXShellScriptBuildPhase section */

/* Begin PBXSourcesBuildPhase section */
		4CA305CA282C008700A72CFA /* Sources */ = {
			isa = PBXSourcesBuildPhase;
			buildActionMask = 2147483647;
			files = (
				4CA305D6282C008700A72CFA /* ViewController.swift in Sources */,
				4CA305D2282C008700A72CFA /* AppDelegate.swift in Sources */,
				4CA305D4282C008700A72CFA /* SceneDelegate.swift in Sources */,
			);
			runOnlyForDeploymentPostprocessing = 0;
		};
		4CA305E0282C008A00A72CFA /* Sources */ = {
			isa = PBXSourcesBuildPhase;
			buildActionMask = 2147483647;
			files = (
				4CA305E9282C008A00A72CFA /* RijksMuseumTests.swift in Sources */,
			);
			runOnlyForDeploymentPostprocessing = 0;
		};
/* End PBXSourcesBuildPhase section */

/* Begin PBXTargetDependency section */
		4CA305E6282C008A00A72CFA /* PBXTargetDependency */ = {
			isa = PBXTargetDependency;
			target = 4CA305CD282C008700A72CFA /* RijksMuseum */;
			targetProxy = 4CA305E5282C008A00A72CFA /* PBXContainerItemProxy */;
		};
/* End PBXTargetDependency section */

/* Begin PBXVariantGroup section */
		4CA305D7282C008700A72CFA /* Main.storyboard */ = {
			isa = PBXVariantGroup;
			children = (
				4CA305D8282C008700A72CFA /* Base */,
			);
			name = Main.storyboard;
			sourceTree = "<group>";
		};
		4CA305DC282C008900A72CFA /* LaunchScreen.storyboard */ = {
			isa = PBXVariantGroup;
			children = (
				4CA305DD282C008900A72CFA /* Base */,
			);
			name = LaunchScreen.storyboard;
			sourceTree = "<group>";
		};
/* End PBXVariantGroup section */

/* Begin XCBuildConfiguration section */
		4CA305F6282C008A00A72CFA /* Debug */ = {
			isa = XCBuildConfiguration;
			buildSettings = {
				ALWAYS_SEARCH_USER_PATHS = NO;
				CLANG_ANALYZER_NONNULL = YES;
				CLANG_ANALYZER_NUMBER_OBJECT_CONVERSION = YES_AGGRESSIVE;
				CLANG_CXX_LANGUAGE_STANDARD = "gnu++17";
				CLANG_ENABLE_MODULES = YES;
				CLANG_ENABLE_OBJC_ARC = YES;
				CLANG_ENABLE_OBJC_WEAK = YES;
				CLANG_WARN_BLOCK_CAPTURE_AUTORELEASING = YES;
				CLANG_WARN_BOOL_CONVERSION = YES;
				CLANG_WARN_COMMA = YES;
				CLANG_WARN_CONSTANT_CONVERSION = YES;
				CLANG_WARN_DEPRECATED_OBJC_IMPLEMENTATIONS = YES;
				CLANG_WARN_DIRECT_OBJC_ISA_USAGE = YES_ERROR;
				CLANG_WARN_DOCUMENTATION_COMMENTS = YES;
				CLANG_WARN_EMPTY_BODY = YES;
				CLANG_WARN_ENUM_CONVERSION = YES;
				CLANG_WARN_INFINITE_RECURSION = YES;
				CLANG_WARN_INT_CONVERSION = YES;
				CLANG_WARN_NON_LITERAL_NULL_CONVERSION = YES;
				CLANG_WARN_OBJC_IMPLICIT_RETAIN_SELF = YES;
				CLANG_WARN_OBJC_LITERAL_CONVERSION = YES;
				CLANG_WARN_OBJC_ROOT_CLASS = YES_ERROR;
				CLANG_WARN_QUOTED_INCLUDE_IN_FRAMEWORK_HEADER = YES;
				CLANG_WARN_RANGE_LOOP_ANALYSIS = YES;
				CLANG_WARN_STRICT_PROTOTYPES = YES;
				CLANG_WARN_SUSPICIOUS_MOVE = YES;
				CLANG_WARN_UNGUARDED_AVAILABILITY = YES_AGGRESSIVE;
				CLANG_WARN_UNREACHABLE_CODE = YES;
				CLANG_WARN__DUPLICATE_METHOD_MATCH = YES;
				COPY_PHASE_STRIP = NO;
				DEBUG_INFORMATION_FORMAT = dwarf;
				ENABLE_STRICT_OBJC_MSGSEND = YES;
				ENABLE_TESTABILITY = YES;
				GCC_C_LANGUAGE_STANDARD = gnu11;
				GCC_DYNAMIC_NO_PIC = NO;
				GCC_NO_COMMON_BLOCKS = YES;
				GCC_OPTIMIZATION_LEVEL = 0;
				GCC_PREPROCESSOR_DEFINITIONS = (
					"DEBUG=1",
					"$(inherited)",
				);
				GCC_WARN_64_TO_32_BIT_CONVERSION = YES;
				GCC_WARN_ABOUT_RETURN_TYPE = YES_ERROR;
				GCC_WARN_UNDECLARED_SELECTOR = YES;
				GCC_WARN_UNINITIALIZED_AUTOS = YES_AGGRESSIVE;
				GCC_WARN_UNUSED_FUNCTION = YES;
				GCC_WARN_UNUSED_VARIABLE = YES;
				IPHONEOS_DEPLOYMENT_TARGET = 15.4;
				MTL_ENABLE_DEBUG_INFO = INCLUDE_SOURCE;
				MTL_FAST_MATH = YES;
				ONLY_ACTIVE_ARCH = YES;
				SDKROOT = iphoneos;
				SWIFT_ACTIVE_COMPILATION_CONDITIONS = DEBUG;
				SWIFT_OPTIMIZATION_LEVEL = "-Onone";
			};
			name = Debug;
		};
		4CA305F7282C008A00A72CFA /* Release */ = {
			isa = XCBuildConfiguration;
			buildSettings = {
				ALWAYS_SEARCH_USER_PATHS = NO;
				CLANG_ANALYZER_NONNULL = YES;
				CLANG_ANALYZER_NUMBER_OBJECT_CONVERSION = YES_AGGRESSIVE;
				CLANG_CXX_LANGUAGE_STANDARD = "gnu++17";
				CLANG_ENABLE_MODULES = YES;
				CLANG_ENABLE_OBJC_ARC = YES;
				CLANG_ENABLE_OBJC_WEAK = YES;
				CLANG_WARN_BLOCK_CAPTURE_AUTORELEASING = YES;
				CLANG_WARN_BOOL_CONVERSION = YES;
				CLANG_WARN_COMMA = YES;
				CLANG_WARN_CONSTANT_CONVERSION = YES;
				CLANG_WARN_DEPRECATED_OBJC_IMPLEMENTATIONS = YES;
				CLANG_WARN_DIRECT_OBJC_ISA_USAGE = YES_ERROR;
				CLANG_WARN_DOCUMENTATION_COMMENTS = YES;
				CLANG_WARN_EMPTY_BODY = YES;
				CLANG_WARN_ENUM_CONVERSION = YES;
				CLANG_WARN_INFINITE_RECURSION = YES;
				CLANG_WARN_INT_CONVERSION = YES;
				CLANG_WARN_NON_LITERAL_NULL_CONVERSION = YES;
				CLANG_WARN_OBJC_IMPLICIT_RETAIN_SELF = YES;
				CLANG_WARN_OBJC_LITERAL_CONVERSION = YES;
				CLANG_WARN_OBJC_ROOT_CLASS = YES_ERROR;
				CLANG_WARN_QUOTED_INCLUDE_IN_FRAMEWORK_HEADER = YES;
				CLANG_WARN_RANGE_LOOP_ANALYSIS = YES;
				CLANG_WARN_STRICT_PROTOTYPES = YES;
				CLANG_WARN_SUSPICIOUS_MOVE = YES;
				CLANG_WARN_UNGUARDED_AVAILABILITY = YES_AGGRESSIVE;
				CLANG_WARN_UNREACHABLE_CODE = YES;
				CLANG_WARN__DUPLICATE_METHOD_MATCH = YES;
				COPY_PHASE_STRIP = NO;
				DEBUG_INFORMATION_FORMAT = "dwarf-with-dsym";
				ENABLE_NS_ASSERTIONS = NO;
				ENABLE_STRICT_OBJC_MSGSEND = YES;
				GCC_C_LANGUAGE_STANDARD = gnu11;
				GCC_NO_COMMON_BLOCKS = YES;
				GCC_WARN_64_TO_32_BIT_CONVERSION = YES;
				GCC_WARN_ABOUT_RETURN_TYPE = YES_ERROR;
				GCC_WARN_UNDECLARED_SELECTOR = YES;
				GCC_WARN_UNINITIALIZED_AUTOS = YES_AGGRESSIVE;
				GCC_WARN_UNUSED_FUNCTION = YES;
				GCC_WARN_UNUSED_VARIABLE = YES;
				IPHONEOS_DEPLOYMENT_TARGET = 15.4;
				MTL_ENABLE_DEBUG_INFO = NO;
				MTL_FAST_MATH = YES;
				SDKROOT = iphoneos;
				SWIFT_COMPILATION_MODE = wholemodule;
				SWIFT_OPTIMIZATION_LEVEL = "-O";
				VALIDATE_PRODUCT = YES;
			};
			name = Release;
		};
		4CA305F9282C008A00A72CFA /* Debug */ = {
			isa = XCBuildConfiguration;
			buildSettings = {
				ASSETCATALOG_COMPILER_APPICON_NAME = AppIcon;
				ASSETCATALOG_COMPILER_GLOBAL_ACCENT_COLOR_NAME = AccentColor;
				CODE_SIGN_STYLE = Automatic;
				CURRENT_PROJECT_VERSION = 1;
				DEVELOPMENT_TEAM = GS86NCENM6;
				GENERATE_INFOPLIST_FILE = YES;
				INFOPLIST_FILE = RijksMuseum/Info.plist;
				INFOPLIST_KEY_UIApplicationSupportsIndirectInputEvents = YES;
				INFOPLIST_KEY_UILaunchStoryboardName = LaunchScreen;
				INFOPLIST_KEY_UIMainStoryboardFile = Main;
				INFOPLIST_KEY_UISupportedInterfaceOrientations_iPad = "UIInterfaceOrientationPortrait UIInterfaceOrientationPortraitUpsideDown UIInterfaceOrientationLandscapeLeft UIInterfaceOrientationLandscapeRight";
				INFOPLIST_KEY_UISupportedInterfaceOrientations_iPhone = "UIInterfaceOrientationPortrait UIInterfaceOrientationLandscapeLeft UIInterfaceOrientationLandscapeRight";
				LD_RUNPATH_SEARCH_PATHS = (
					"$(inherited)",
					"@executable_path/Frameworks",
				);
				MARKETING_VERSION = 1.0;
				PRODUCT_BUNDLE_IDENTIFIER = com.mobiquityinc.RijksMuseum;
				PRODUCT_NAME = "$(TARGET_NAME)";
				SWIFT_EMIT_LOC_STRINGS = YES;
				SWIFT_VERSION = 5.0;
				TARGETED_DEVICE_FAMILY = "1,2";
			};
			name = Debug;
		};
		4CA305FA282C008A00A72CFA /* Release */ = {
			isa = XCBuildConfiguration;
			buildSettings = {
				ASSETCATALOG_COMPILER_APPICON_NAME = AppIcon;
				ASSETCATALOG_COMPILER_GLOBAL_ACCENT_COLOR_NAME = AccentColor;
				CODE_SIGN_STYLE = Automatic;
				CURRENT_PROJECT_VERSION = 1;
				DEVELOPMENT_TEAM = GS86NCENM6;
				GENERATE_INFOPLIST_FILE = YES;
				INFOPLIST_FILE = RijksMuseum/Info.plist;
				INFOPLIST_KEY_UIApplicationSupportsIndirectInputEvents = YES;
				INFOPLIST_KEY_UILaunchStoryboardName = LaunchScreen;
				INFOPLIST_KEY_UIMainStoryboardFile = Main;
				INFOPLIST_KEY_UISupportedInterfaceOrientations_iPad = "UIInterfaceOrientationPortrait UIInterfaceOrientationPortraitUpsideDown UIInterfaceOrientationLandscapeLeft UIInterfaceOrientationLandscapeRight";
				INFOPLIST_KEY_UISupportedInterfaceOrientations_iPhone = "UIInterfaceOrientationPortrait UIInterfaceOrientationLandscapeLeft UIInterfaceOrientationLandscapeRight";
				LD_RUNPATH_SEARCH_PATHS = (
					"$(inherited)",
					"@executable_path/Frameworks",
				);
				MARKETING_VERSION = 1.0;
				PRODUCT_BUNDLE_IDENTIFIER = com.mobiquityinc.RijksMuseum;
				PRODUCT_NAME = "$(TARGET_NAME)";
				SWIFT_EMIT_LOC_STRINGS = YES;
				SWIFT_VERSION = 5.0;
				TARGETED_DEVICE_FAMILY = "1,2";
			};
			name = Release;
		};
		4CA305FC282C008A00A72CFA /* Debug */ = {
			isa = XCBuildConfiguration;
			buildSettings = {
				ALWAYS_EMBED_SWIFT_STANDARD_LIBRARIES = YES;
				BUNDLE_LOADER = "$(TEST_HOST)";
				CODE_SIGN_STYLE = Automatic;
				CURRENT_PROJECT_VERSION = 1;
				DEVELOPMENT_TEAM = GS86NCENM6;
				GENERATE_INFOPLIST_FILE = YES;
				IPHONEOS_DEPLOYMENT_TARGET = 15.4;
				MARKETING_VERSION = 1.0;
				PRODUCT_BUNDLE_IDENTIFIER = com.mobiquityinc.RijksMuseumTests;
				PRODUCT_NAME = "$(TARGET_NAME)";
				SWIFT_EMIT_LOC_STRINGS = NO;
				SWIFT_VERSION = 5.0;
				TARGETED_DEVICE_FAMILY = "1,2";
				TEST_HOST = "$(BUILT_PRODUCTS_DIR)/RijksMuseum.app/RijksMuseum";
			};
			name = Debug;
		};
		4CA305FD282C008A00A72CFA /* Release */ = {
			isa = XCBuildConfiguration;
			buildSettings = {
				ALWAYS_EMBED_SWIFT_STANDARD_LIBRARIES = YES;
				BUNDLE_LOADER = "$(TEST_HOST)";
				CODE_SIGN_STYLE = Automatic;
				CURRENT_PROJECT_VERSION = 1;
				DEVELOPMENT_TEAM = GS86NCENM6;
				GENERATE_INFOPLIST_FILE = YES;
				IPHONEOS_DEPLOYMENT_TARGET = 15.4;
				MARKETING_VERSION = 1.0;
				PRODUCT_BUNDLE_IDENTIFIER = com.mobiquityinc.RijksMuseumTests;
				PRODUCT_NAME = "$(TARGET_NAME)";
				SWIFT_EMIT_LOC_STRINGS = NO;
				SWIFT_VERSION = 5.0;
				TARGETED_DEVICE_FAMILY = "1,2";
				TEST_HOST = "$(BUILT_PRODUCTS_DIR)/RijksMuseum.app/RijksMuseum";
			};
			name = Release;
		};
/* End XCBuildConfiguration section */

/* Begin XCConfigurationList section */
		4CA305C9282C008700A72CFA /* Build configuration list for PBXProject "RijksMuseum" */ = {
			isa = XCConfigurationList;
			buildConfigurations = (
				4CA305F6282C008A00A72CFA /* Debug */,
				4CA305F7282C008A00A72CFA /* Release */,
			);
			defaultConfigurationIsVisible = 0;
			defaultConfigurationName = Release;
		};
		4CA305F8282C008A00A72CFA /* Build configuration list for PBXNativeTarget "RijksMuseum" */ = {
			isa = XCConfigurationList;
			buildConfigurations = (
				4CA305F9282C008A00A72CFA /* Debug */,
				4CA305FA282C008A00A72CFA /* Release */,
			);
			defaultConfigurationIsVisible = 0;
			defaultConfigurationName = Release;
		};
		4CA305FB282C008A00A72CFA /* Build configuration list for PBXNativeTarget "RijksMuseumTests" */ = {
			isa = XCConfigurationList;
			buildConfigurations = (
				4CA305FC282C008A00A72CFA /* Debug */,
				4CA305FD282C008A00A72CFA /* Release */,
			);
			defaultConfigurationIsVisible = 0;
			defaultConfigurationName = Release;
		};
/* End XCConfigurationList section */
	};
	rootObject = 4CA305C6282C008700A72CFA /* Project object */;
}
